// !$*UTF8*$!
{
	archiveVersion = 1;
	classes = {
	};
	objectVersion = 55;
	objects = {

/* Begin PBXBuildFile section */
		75A0252D286C413900C04525 /* AppDelegate.swift in Sources */ = {isa = PBXBuildFile; fileRef = 75A0252C286C413900C04525 /* AppDelegate.swift */; };
		75A0252F286C413900C04525 /* SceneDelegate.swift in Sources */ = {isa = PBXBuildFile; fileRef = 75A0252E286C413900C04525 /* SceneDelegate.swift */; };
		75A02531286C413900C04525 /* ViewController.swift in Sources */ = {isa = PBXBuildFile; fileRef = 75A02530286C413900C04525 /* ViewController.swift */; };
		75A02534286C413900C04525 /* Main.storyboard in Resources */ = {isa = PBXBuildFile; fileRef = 75A02532286C413900C04525 /* Main.storyboard */; };
		75A02536286C413A00C04525 /* Assets.xcassets in Resources */ = {isa = PBXBuildFile; fileRef = 75A02535286C413A00C04525 /* Assets.xcassets */; };
		75A02539286C413A00C04525 /* LaunchScreen.storyboard in Resources */ = {isa = PBXBuildFile; fileRef = 75A02537286C413A00C04525 /* LaunchScreen.storyboard */; };
		75A02544286C413A00C04525 /* SampleSdkTests.swift in Sources */ = {isa = PBXBuildFile; fileRef = 75A02543286C413A00C04525 /* SampleSdkTests.swift */; };
		75A0254E286C413A00C04525 /* SampleSdkUITests.swift in Sources */ = {isa = PBXBuildFile; fileRef = 75A0254D286C413A00C04525 /* SampleSdkUITests.swift */; };
		75A02550286C413A00C04525 /* SampleSdkUITestsLaunchTests.swift in Sources */ = {isa = PBXBuildFile; fileRef = 75A0254F286C413A00C04525 /* SampleSdkUITestsLaunchTests.swift */; };
		75A0255E286C425500C04525 /* Sdk-Library in Frameworks */ = {isa = PBXBuildFile; productRef = 75A0255D286C425500C04525 /* Sdk-Library */; };
/* End PBXBuildFile section */

/* Begin PBXContainerItemProxy section */
		75A02540286C413A00C04525 /* PBXContainerItemProxy */ = {
			isa = PBXContainerItemProxy;
			containerPortal = 75A02521286C413900C04525 /* Project object */;
			proxyType = 1;
			remoteGlobalIDString = 75A02528286C413900C04525;
			remoteInfo = SampleSdk;
		};
		75A0254A286C413A00C04525 /* PBXContainerItemProxy */ = {
			isa = PBXContainerItemProxy;
			containerPortal = 75A02521286C413900C04525 /* Project object */;
			proxyType = 1;
			remoteGlobalIDString = 75A02528286C413900C04525;
			remoteInfo = SampleSdk;
		};
/* End PBXContainerItemProxy section */

/* Begin PBXFileReference section */
		75A02529286C413900C04525 /* SampleSdk.app */ = {isa = PBXFileReference; explicitFileType = wrapper.application; includeInIndex = 0; path = SampleSdk.app; sourceTree = BUILT_PRODUCTS_DIR; };
		75A0252C286C413900C04525 /* AppDelegate.swift */ = {isa = PBXFileReference; lastKnownFileType = sourcecode.swift; path = AppDelegate.swift; sourceTree = "<group>"; };
		75A0252E286C413900C04525 /* SceneDelegate.swift */ = {isa = PBXFileReference; lastKnownFileType = sourcecode.swift; path = SceneDelegate.swift; sourceTree = "<group>"; };
		75A02530286C413900C04525 /* ViewController.swift */ = {isa = PBXFileReference; lastKnownFileType = sourcecode.swift; path = ViewController.swift; sourceTree = "<group>"; };
		75A02533286C413900C04525 /* Base */ = {isa = PBXFileReference; lastKnownFileType = file.storyboard; name = Base; path = Base.lproj/Main.storyboard; sourceTree = "<group>"; };
		75A02535286C413A00C04525 /* Assets.xcassets */ = {isa = PBXFileReference; lastKnownFileType = folder.assetcatalog; path = Assets.xcassets; sourceTree = "<group>"; };
		75A02538286C413A00C04525 /* Base */ = {isa = PBXFileReference; lastKnownFileType = file.storyboard; name = Base; path = Base.lproj/LaunchScreen.storyboard; sourceTree = "<group>"; };
		75A0253A286C413A00C04525 /* Info.plist */ = {isa = PBXFileReference; lastKnownFileType = text.plist.xml; path = Info.plist; sourceTree = "<group>"; };
		75A0253F286C413A00C04525 /* SampleSdkTests.xctest */ = {isa = PBXFileReference; explicitFileType = wrapper.cfbundle; includeInIndex = 0; path = SampleSdkTests.xctest; sourceTree = BUILT_PRODUCTS_DIR; };
		75A02543286C413A00C04525 /* SampleSdkTests.swift */ = {isa = PBXFileReference; lastKnownFileType = sourcecode.swift; path = SampleSdkTests.swift; sourceTree = "<group>"; };
		75A02549286C413A00C04525 /* SampleSdkUITests.xctest */ = {isa = PBXFileReference; explicitFileType = wrapper.cfbundle; includeInIndex = 0; path = SampleSdkUITests.xctest; sourceTree = BUILT_PRODUCTS_DIR; };
		75A0254D286C413A00C04525 /* SampleSdkUITests.swift */ = {isa = PBXFileReference; lastKnownFileType = sourcecode.swift; path = SampleSdkUITests.swift; sourceTree = "<group>"; };
		75A0254F286C413A00C04525 /* SampleSdkUITestsLaunchTests.swift */ = {isa = PBXFileReference; lastKnownFileType = sourcecode.swift; path = SampleSdkUITestsLaunchTests.swift; sourceTree = "<group>"; };
/* End PBXFileReference section */

/* Begin PBXFrameworksBuildPhase section */
		75A02526286C413900C04525 /* Frameworks */ = {
			isa = PBXFrameworksBuildPhase;
			buildActionMask = 2147483647;
			files = (
				75A0255E286C425500C04525 /* Sdk-Library in Frameworks */,
			);
			runOnlyForDeploymentPostprocessing = 0;
		};
		75A0253C286C413A00C04525 /* Frameworks */ = {
			isa = PBXFrameworksBuildPhase;
			buildActionMask = 2147483647;
			files = (
			);
			runOnlyForDeploymentPostprocessing = 0;
		};
		75A02546286C413A00C04525 /* Frameworks */ = {
			isa = PBXFrameworksBuildPhase;
			buildActionMask = 2147483647;
			files = (
			);
			runOnlyForDeploymentPostprocessing = 0;
		};
/* End PBXFrameworksBuildPhase section */

/* Begin PBXGroup section */
		75A02520286C413900C04525 = {
			isa = PBXGroup;
			children = (
				75A0252B286C413900C04525 /* SampleSdk */,
				75A02542286C413A00C04525 /* SampleSdkTests */,
				75A0254C286C413A00C04525 /* SampleSdkUITests */,
				75A0252A286C413900C04525 /* Products */,
			);
			sourceTree = "<group>";
		};
		75A0252A286C413900C04525 /* Products */ = {
			isa = PBXGroup;
			children = (
				75A02529286C413900C04525 /* SampleSdk.app */,
				75A0253F286C413A00C04525 /* SampleSdkTests.xctest */,
				75A02549286C413A00C04525 /* SampleSdkUITests.xctest */,
			);
			name = Products;
			sourceTree = "<group>";
		};
		75A0252B286C413900C04525 /* SampleSdk */ = {
			isa = PBXGroup;
			children = (
				75A0252C286C413900C04525 /* AppDelegate.swift */,
				75A0252E286C413900C04525 /* SceneDelegate.swift */,
				75A02530286C413900C04525 /* ViewController.swift */,
				75A02532286C413900C04525 /* Main.storyboard */,
				75A02535286C413A00C04525 /* Assets.xcassets */,
				75A02537286C413A00C04525 /* LaunchScreen.storyboard */,
				75A0253A286C413A00C04525 /* Info.plist */,
			);
			path = SampleSdk;
			sourceTree = "<group>";
		};
		75A02542286C413A00C04525 /* SampleSdkTests */ = {
			isa = PBXGroup;
			children = (
				75A02543286C413A00C04525 /* SampleSdkTests.swift */,
			);
			path = SampleSdkTests;
			sourceTree = "<group>";
		};
		75A0254C286C413A00C04525 /* SampleSdkUITests */ = {
			isa = PBXGroup;
			children = (
				75A0254D286C413A00C04525 /* SampleSdkUITests.swift */,
				75A0254F286C413A00C04525 /* SampleSdkUITestsLaunchTests.swift */,
			);
			path = SampleSdkUITests;
			sourceTree = "<group>";
		};
/* End PBXGroup section */

/* Begin PBXNativeTarget section */
		75A02528286C413900C04525 /* SampleSdk */ = {
			isa = PBXNativeTarget;
			buildConfigurationList = 75A02553286C413A00C04525 /* Build configuration list for PBXNativeTarget "SampleSdk" */;
			buildPhases = (
				75A02525286C413900C04525 /* Sources */,
				75A02526286C413900C04525 /* Frameworks */,
				75A02527286C413900C04525 /* Resources */,
			);
			buildRules = (
			);
			dependencies = (
			);
			name = SampleSdk;
			packageProductDependencies = (
				75A0255D286C425500C04525 /* Sdk-Library */,
			);
			productName = SampleSdk;
			productReference = 75A02529286C413900C04525 /* SampleSdk.app */;
			productType = "com.apple.product-type.application";
		};
		75A0253E286C413A00C04525 /* SampleSdkTests */ = {
			isa = PBXNativeTarget;
			buildConfigurationList = 75A02556286C413A00C04525 /* Build configuration list for PBXNativeTarget "SampleSdkTests" */;
			buildPhases = (
				75A0253B286C413A00C04525 /* Sources */,
				75A0253C286C413A00C04525 /* Frameworks */,
				75A0253D286C413A00C04525 /* Resources */,
			);
			buildRules = (
			);
			dependencies = (
				75A02541286C413A00C04525 /* PBXTargetDependency */,
			);
			name = SampleSdkTests;
			productName = SampleSdkTests;
			productReference = 75A0253F286C413A00C04525 /* SampleSdkTests.xctest */;
			productType = "com.apple.product-type.bundle.unit-test";
		};
		75A02548286C413A00C04525 /* SampleSdkUITests */ = {
			isa = PBXNativeTarget;
			buildConfigurationList = 75A02559286C413A00C04525 /* Build configuration list for PBXNativeTarget "SampleSdkUITests" */;
			buildPhases = (
				75A02545286C413A00C04525 /* Sources */,
				75A02546286C413A00C04525 /* Frameworks */,
				75A02547286C413A00C04525 /* Resources */,
			);
			buildRules = (
			);
			dependencies = (
				75A0254B286C413A00C04525 /* PBXTargetDependency */,
			);
			name = SampleSdkUITests;
			productName = SampleSdkUITests;
			productReference = 75A02549286C413A00C04525 /* SampleSdkUITests.xctest */;
			productType = "com.apple.product-type.bundle.ui-testing";
		};
/* End PBXNativeTarget section */

/* Begin PBXProject section */
		75A02521286C413900C04525 /* Project object */ = {
			isa = PBXProject;
			attributes = {
				BuildIndependentTargetsInParallel = 1;
				LastSwiftUpdateCheck = 1340;
				LastUpgradeCheck = 1340;
				TargetAttributes = {
					75A02528286C413900C04525 = {
						CreatedOnToolsVersion = 13.4.1;
					};
					75A0253E286C413A00C04525 = {
						CreatedOnToolsVersion = 13.4.1;
						TestTargetID = 75A02528286C413900C04525;
					};
					75A02548286C413A00C04525 = {
						CreatedOnToolsVersion = 13.4.1;
						TestTargetID = 75A02528286C413900C04525;
					};
				};
			};
			buildConfigurationList = 75A02524286C413900C04525 /* Build configuration list for PBXProject "SampleSdk" */;
			compatibilityVersion = "Xcode 13.0";
			developmentRegion = en;
			hasScannedForEncodings = 0;
			knownRegions = (
				en,
				Base,
			);
			mainGroup = 75A02520286C413900C04525;
			packageReferences = (
				75A0255C286C425500C04525 /* XCRemoteSwiftPackageReference "Sdk-Library" */,
			);
			productRefGroup = 75A0252A286C413900C04525 /* Products */;
			projectDirPath = "";
			projectRoot = "";
			targets = (
				75A02528286C413900C04525 /* SampleSdk */,
				75A0253E286C413A00C04525 /* SampleSdkTests */,
				75A02548286C413A00C04525 /* SampleSdkUITests */,
			);
		};
/* End PBXProject section */

/* Begin PBXResourcesBuildPhase section */
		75A02527286C413900C04525 /* Resources */ = {
			isa = PBXResourcesBuildPhase;
			buildActionMask = 2147483647;
			files = (
				75A02539286C413A00C04525 /* LaunchScreen.storyboard in Resources */,
				75A02536286C413A00C04525 /* Assets.xcassets in Resources */,
				75A02534286C413900C04525 /* Main.storyboard in Resources */,
			);
			runOnlyForDeploymentPostprocessing = 0;
		};
		75A0253D286C413A00C04525 /* Resources */ = {
			isa = PBXResourcesBuildPhase;
			buildActionMask = 2147483647;
			files = (
			);
			runOnlyForDeploymentPostprocessing = 0;
		};
		75A02547286C413A00C04525 /* Resources */ = {
			isa = PBXResourcesBuildPhase;
			buildActionMask = 2147483647;
			files = (
			);
			runOnlyForDeploymentPostprocessing = 0;
		};
/* End PBXResourcesBuildPhase section */

/* Begin PBXSourcesBuildPhase section */
		75A02525286C413900C04525 /* Sources */ = {
			isa = PBXSourcesBuildPhase;
			buildActionMask = 2147483647;
			files = (
				75A02531286C413900C04525 /* ViewController.swift in Sources */,
				75A0252D286C413900C04525 /* AppDelegate.swift in Sources */,
				75A0252F286C413900C04525 /* SceneDelegate.swift in Sources */,
			);
			runOnlyForDeploymentPostprocessing = 0;
		};
		75A0253B286C413A00C04525 /* Sources */ = {
			isa = PBXSourcesBuildPhase;
			buildActionMask = 2147483647;
			files = (
				75A02544286C413A00C04525 /* SampleSdkTests.swift in Sources */,
			);
			runOnlyForDeploymentPostprocessing = 0;
		};
		75A02545286C413A00C04525 /* Sources */ = {
			isa = PBXSourcesBuildPhase;
			buildActionMask = 2147483647;
			files = (
				75A0254E286C413A00C04525 /* SampleSdkUITests.swift in Sources */,
				75A02550286C413A00C04525 /* SampleSdkUITestsLaunchTests.swift in Sources */,
			);
			runOnlyForDeploymentPostprocessing = 0;
		};
/* End PBXSourcesBuildPhase section */

/* Begin PBXTargetDependency section */
		75A02541286C413A00C04525 /* PBXTargetDependency */ = {
			isa = PBXTargetDependency;
			target = 75A02528286C413900C04525 /* SampleSdk */;
			targetProxy = 75A02540286C413A00C04525 /* PBXContainerItemProxy */;
		};
		75A0254B286C413A00C04525 /* PBXTargetDependency */ = {
			isa = PBXTargetDependency;
			target = 75A02528286C413900C04525 /* SampleSdk */;
			targetProxy = 75A0254A286C413A00C04525 /* PBXContainerItemProxy */;
		};
/* End PBXTargetDependency section */

/* Begin PBXVariantGroup section */
		75A02532286C413900C04525 /* Main.storyboard */ = {
			isa = PBXVariantGroup;
			children = (
				75A02533286C413900C04525 /* Base */,
			);
			name = Main.storyboard;
			sourceTree = "<group>";
		};
		75A02537286C413A00C04525 /* LaunchScreen.storyboard */ = {
			isa = PBXVariantGroup;
			children = (
				75A02538286C413A00C04525 /* Base */,
			);
			name = LaunchScreen.storyboard;
			sourceTree = "<group>";
		};
/* End PBXVariantGroup section */

/* Begin XCBuildConfiguration section */
		75A02551286C413A00C04525 /* Debug */ = {
			isa = XCBuildConfiguration;
			buildSettings = {
				ALWAYS_SEARCH_USER_PATHS = NO;
				CLANG_ANALYZER_NONNULL = YES;
				CLANG_ANALYZER_NUMBER_OBJECT_CONVERSION = YES_AGGRESSIVE;
				CLANG_CXX_LANGUAGE_STANDARD = "gnu++17";
				CLANG_ENABLE_MODULES = YES;
				CLANG_ENABLE_OBJC_ARC = YES;
				CLANG_ENABLE_OBJC_WEAK = YES;
				CLANG_WARN_BLOCK_CAPTURE_AUTORELEASING = YES;
				CLANG_WARN_BOOL_CONVERSION = YES;
				CLANG_WARN_COMMA = YES;
				CLANG_WARN_CONSTANT_CONVERSION = YES;
				CLANG_WARN_DEPRECATED_OBJC_IMPLEMENTATIONS = YES;
				CLANG_WARN_DIRECT_OBJC_ISA_USAGE = YES_ERROR;
				CLANG_WARN_DOCUMENTATION_COMMENTS = YES;
				CLANG_WARN_EMPTY_BODY = YES;
				CLANG_WARN_ENUM_CONVERSION = YES;
				CLANG_WARN_INFINITE_RECURSION = YES;
				CLANG_WARN_INT_CONVERSION = YES;
				CLANG_WARN_NON_LITERAL_NULL_CONVERSION = YES;
				CLANG_WARN_OBJC_IMPLICIT_RETAIN_SELF = YES;
				CLANG_WARN_OBJC_LITERAL_CONVERSION = YES;
				CLANG_WARN_OBJC_ROOT_CLASS = YES_ERROR;
				CLANG_WARN_QUOTED_INCLUDE_IN_FRAMEWORK_HEADER = YES;
				CLANG_WARN_RANGE_LOOP_ANALYSIS = YES;
				CLANG_WARN_STRICT_PROTOTYPES = YES;
				CLANG_WARN_SUSPICIOUS_MOVE = YES;
				CLANG_WARN_UNGUARDED_AVAILABILITY = YES_AGGRESSIVE;
				CLANG_WARN_UNREACHABLE_CODE = YES;
				CLANG_WARN__DUPLICATE_METHOD_MATCH = YES;
				COPY_PHASE_STRIP = NO;
				DEBUG_INFORMATION_FORMAT = dwarf;
				ENABLE_STRICT_OBJC_MSGSEND = YES;
				ENABLE_TESTABILITY = YES;
				GCC_C_LANGUAGE_STANDARD = gnu11;
				GCC_DYNAMIC_NO_PIC = NO;
				GCC_NO_COMMON_BLOCKS = YES;
				GCC_OPTIMIZATION_LEVEL = 0;
				GCC_PREPROCESSOR_DEFINITIONS = (
					"DEBUG=1",
					"$(inherited)",
				);
				GCC_WARN_64_TO_32_BIT_CONVERSION = YES;
				GCC_WARN_ABOUT_RETURN_TYPE = YES_ERROR;
				GCC_WARN_UNDECLARED_SELECTOR = YES;
				GCC_WARN_UNINITIALIZED_AUTOS = YES_AGGRESSIVE;
				GCC_WARN_UNUSED_FUNCTION = YES;
				GCC_WARN_UNUSED_VARIABLE = YES;
				IPHONEOS_DEPLOYMENT_TARGET = 15.5;
				MTL_ENABLE_DEBUG_INFO = INCLUDE_SOURCE;
				MTL_FAST_MATH = YES;
				ONLY_ACTIVE_ARCH = YES;
				SDKROOT = iphoneos;
				SWIFT_ACTIVE_COMPILATION_CONDITIONS = DEBUG;
				SWIFT_OPTIMIZATION_LEVEL = "-Onone";
			};
			name = Debug;
		};
		75A02552286C413A00C04525 /* Release */ = {
			isa = XCBuildConfiguration;
			buildSettings = {
				ALWAYS_SEARCH_USER_PATHS = NO;
				CLANG_ANALYZER_NONNULL = YES;
				CLANG_ANALYZER_NUMBER_OBJECT_CONVERSION = YES_AGGRESSIVE;
				CLANG_CXX_LANGUAGE_STANDARD = "gnu++17";
				CLANG_ENABLE_MODULES = YES;
				CLANG_ENABLE_OBJC_ARC = YES;
				CLANG_ENABLE_OBJC_WEAK = YES;
				CLANG_WARN_BLOCK_CAPTURE_AUTORELEASING = YES;
				CLANG_WARN_BOOL_CONVERSION = YES;
				CLANG_WARN_COMMA = YES;
				CLANG_WARN_CONSTANT_CONVERSION = YES;
				CLANG_WARN_DEPRECATED_OBJC_IMPLEMENTATIONS = YES;
				CLANG_WARN_DIRECT_OBJC_ISA_USAGE = YES_ERROR;
				CLANG_WARN_DOCUMENTATION_COMMENTS = YES;
				CLANG_WARN_EMPTY_BODY = YES;
				CLANG_WARN_ENUM_CONVERSION = YES;
				CLANG_WARN_INFINITE_RECURSION = YES;
				CLANG_WARN_INT_CONVERSION = YES;
				CLANG_WARN_NON_LITERAL_NULL_CONVERSION = YES;
				CLANG_WARN_OBJC_IMPLICIT_RETAIN_SELF = YES;
				CLANG_WARN_OBJC_LITERAL_CONVERSION = YES;
				CLANG_WARN_OBJC_ROOT_CLASS = YES_ERROR;
				CLANG_WARN_QUOTED_INCLUDE_IN_FRAMEWORK_HEADER = YES;
				CLANG_WARN_RANGE_LOOP_ANALYSIS = YES;
				CLANG_WARN_STRICT_PROTOTYPES = YES;
				CLANG_WARN_SUSPICIOUS_MOVE = YES;
				CLANG_WARN_UNGUARDED_AVAILABILITY = YES_AGGRESSIVE;
				CLANG_WARN_UNREACHABLE_CODE = YES;
				CLANG_WARN__DUPLICATE_METHOD_MATCH = YES;
				COPY_PHASE_STRIP = NO;
				DEBUG_INFORMATION_FORMAT = "dwarf-with-dsym";
				ENABLE_NS_ASSERTIONS = NO;
				ENABLE_STRICT_OBJC_MSGSEND = YES;
				GCC_C_LANGUAGE_STANDARD = gnu11;
				GCC_NO_COMMON_BLOCKS = YES;
				GCC_WARN_64_TO_32_BIT_CONVERSION = YES;
				GCC_WARN_ABOUT_RETURN_TYPE = YES_ERROR;
				GCC_WARN_UNDECLARED_SELECTOR = YES;
				GCC_WARN_UNINITIALIZED_AUTOS = YES_AGGRESSIVE;
				GCC_WARN_UNUSED_FUNCTION = YES;
				GCC_WARN_UNUSED_VARIABLE = YES;
				IPHONEOS_DEPLOYMENT_TARGET = 15.5;
				MTL_ENABLE_DEBUG_INFO = NO;
				MTL_FAST_MATH = YES;
				SDKROOT = iphoneos;
				SWIFT_COMPILATION_MODE = wholemodule;
				SWIFT_OPTIMIZATION_LEVEL = "-O";
				VALIDATE_PRODUCT = YES;
			};
			name = Release;
		};
		75A02554286C413A00C04525 /* Debug */ = {
			isa = XCBuildConfiguration;
			buildSettings = {
				ASSETCATALOG_COMPILER_APPICON_NAME = AppIcon;
				ASSETCATALOG_COMPILER_GLOBAL_ACCENT_COLOR_NAME = AccentColor;
				CODE_SIGN_STYLE = Automatic;
				CURRENT_PROJECT_VERSION = 1;
				GENERATE_INFOPLIST_FILE = YES;
				INFOPLIST_FILE = SampleSdk/Info.plist;
				INFOPLIST_KEY_UIApplicationSupportsIndirectInputEvents = YES;
				INFOPLIST_KEY_UILaunchStoryboardName = LaunchScreen;
				INFOPLIST_KEY_UIMainStoryboardFile = Main;
				INFOPLIST_KEY_UISupportedInterfaceOrientations_iPad = "UIInterfaceOrientationPortrait UIInterfaceOrientationPortraitUpsideDown UIInterfaceOrientationLandscapeLeft UIInterfaceOrientationLandscapeRight";
				INFOPLIST_KEY_UISupportedInterfaceOrientations_iPhone = "UIInterfaceOrientationPortrait UIInterfaceOrientationLandscapeLeft UIInterfaceOrientationLandscapeRight";
				LD_RUNPATH_SEARCH_PATHS = (
					"$(inherited)",
					"@executable_path/Frameworks",
				);
				MARKETING_VERSION = 1.0;
				PRODUCT_BUNDLE_IDENTIFIER = loymax.sdk.SampleSdk;
				PRODUCT_NAME = "$(TARGET_NAME)";
				SWIFT_EMIT_LOC_STRINGS = YES;
				SWIFT_VERSION = 5.0;
				TARGETED_DEVICE_FAMILY = "1,2";
			};
			name = Debug;
		};
		75A02555286C413A00C04525 /* Release */ = {
			isa = XCBuildConfiguration;
			buildSettings = {
				ASSETCATALOG_COMPILER_APPICON_NAME = AppIcon;
				ASSETCATALOG_COMPILER_GLOBAL_ACCENT_COLOR_NAME = AccentColor;
				CODE_SIGN_STYLE = Automatic;
				CURRENT_PROJECT_VERSION = 1;
				GENERATE_INFOPLIST_FILE = YES;
				INFOPLIST_FILE = SampleSdk/Info.plist;
				INFOPLIST_KEY_UIApplicationSupportsIndirectInputEvents = YES;
				INFOPLIST_KEY_UILaunchStoryboardName = LaunchScreen;
				INFOPLIST_KEY_UIMainStoryboardFile = Main;
				INFOPLIST_KEY_UISupportedInterfaceOrientations_iPad = "UIInterfaceOrientationPortrait UIInterfaceOrientationPortraitUpsideDown UIInterfaceOrientationLandscapeLeft UIInterfaceOrientationLandscapeRight";
				INFOPLIST_KEY_UISupportedInterfaceOrientations_iPhone = "UIInterfaceOrientationPortrait UIInterfaceOrientationLandscapeLeft UIInterfaceOrientationLandscapeRight";
				LD_RUNPATH_SEARCH_PATHS = (
					"$(inherited)",
					"@executable_path/Frameworks",
				);
				MARKETING_VERSION = 1.0;
				PRODUCT_BUNDLE_IDENTIFIER = loymax.sdk.SampleSdk;
				PRODUCT_NAME = "$(TARGET_NAME)";
				SWIFT_EMIT_LOC_STRINGS = YES;
				SWIFT_VERSION = 5.0;
				TARGETED_DEVICE_FAMILY = "1,2";
			};
			name = Release;
		};
		75A02557286C413A00C04525 /* Debug */ = {
			isa = XCBuildConfiguration;
			buildSettings = {
				ALWAYS_EMBED_SWIFT_STANDARD_LIBRARIES = YES;
				BUNDLE_LOADER = "$(TEST_HOST)";
				CODE_SIGN_STYLE = Automatic;
				CURRENT_PROJECT_VERSION = 1;
				GENERATE_INFOPLIST_FILE = YES;
				IPHONEOS_DEPLOYMENT_TARGET = 15.5;
				MARKETING_VERSION = 1.0;
				PRODUCT_BUNDLE_IDENTIFIER = loymax.sdk.SampleSdkTests;
				PRODUCT_NAME = "$(TARGET_NAME)";
				SWIFT_EMIT_LOC_STRINGS = NO;
				SWIFT_VERSION = 5.0;
				TARGETED_DEVICE_FAMILY = "1,2";
				TEST_HOST = "$(BUILT_PRODUCTS_DIR)/SampleSdk.app/SampleSdk";
			};
			name = Debug;
		};
		75A02558286C413A00C04525 /* Release */ = {
			isa = XCBuildConfiguration;
			buildSettings = {
				ALWAYS_EMBED_SWIFT_STANDARD_LIBRARIES = YES;
				BUNDLE_LOADER = "$(TEST_HOST)";
				CODE_SIGN_STYLE = Automatic;
				CURRENT_PROJECT_VERSION = 1;
				GENERATE_INFOPLIST_FILE = YES;
				IPHONEOS_DEPLOYMENT_TARGET = 15.5;
				MARKETING_VERSION = 1.0;
				PRODUCT_BUNDLE_IDENTIFIER = loymax.sdk.SampleSdkTests;
				PRODUCT_NAME = "$(TARGET_NAME)";
				SWIFT_EMIT_LOC_STRINGS = NO;
				SWIFT_VERSION = 5.0;
				TARGETED_DEVICE_FAMILY = "1,2";
				TEST_HOST = "$(BUILT_PRODUCTS_DIR)/SampleSdk.app/SampleSdk";
			};
			name = Release;
		};
		75A0255A286C413A00C04525 /* Debug */ = {
			isa = XCBuildConfiguration;
			buildSettings = {
				ALWAYS_EMBED_SWIFT_STANDARD_LIBRARIES = YES;
				CODE_SIGN_STYLE = Automatic;
				CURRENT_PROJECT_VERSION = 1;
				GENERATE_INFOPLIST_FILE = YES;
				MARKETING_VERSION = 1.0;
				PRODUCT_BUNDLE_IDENTIFIER = loymax.sdk.SampleSdkUITests;
				PRODUCT_NAME = "$(TARGET_NAME)";
				SWIFT_EMIT_LOC_STRINGS = NO;
				SWIFT_VERSION = 5.0;
				TARGETED_DEVICE_FAMILY = "1,2";
				TEST_TARGET_NAME = SampleSdk;
			};
			name = Debug;
		};
		75A0255B286C413A00C04525 /* Release */ = {
			isa = XCBuildConfiguration;
			buildSettings = {
				ALWAYS_EMBED_SWIFT_STANDARD_LIBRARIES = YES;
				CODE_SIGN_STYLE = Automatic;
				CURRENT_PROJECT_VERSION = 1;
				GENERATE_INFOPLIST_FILE = YES;
				MARKETING_VERSION = 1.0;
				PRODUCT_BUNDLE_IDENTIFIER = loymax.sdk.SampleSdkUITests;
				PRODUCT_NAME = "$(TARGET_NAME)";
				SWIFT_EMIT_LOC_STRINGS = NO;
				SWIFT_VERSION = 5.0;
				TARGETED_DEVICE_FAMILY = "1,2";
				TEST_TARGET_NAME = SampleSdk;
			};
			name = Release;
		};
/* End XCBuildConfiguration section */

/* Begin XCConfigurationList section */
		75A02524286C413900C04525 /* Build configuration list for PBXProject "SampleSdk" */ = {
			isa = XCConfigurationList;
			buildConfigurations = (
				75A02551286C413A00C04525 /* Debug */,
				75A02552286C413A00C04525 /* Release */,
			);
			defaultConfigurationIsVisible = 0;
			defaultConfigurationName = Release;
		};
		75A02553286C413A00C04525 /* Build configuration list for PBXNativeTarget "SampleSdk" */ = {
			isa = XCConfigurationList;
			buildConfigurations = (
				75A02554286C413A00C04525 /* Debug */,
				75A02555286C413A00C04525 /* Release */,
			);
			defaultConfigurationIsVisible = 0;
			defaultConfigurationName = Release;
		};
		75A02556286C413A00C04525 /* Build configuration list for PBXNativeTarget "SampleSdkTests" */ = {
			isa = XCConfigurationList;
			buildConfigurations = (
				75A02557286C413A00C04525 /* Debug */,
				75A02558286C413A00C04525 /* Release */,
			);
			defaultConfigurationIsVisible = 0;
			defaultConfigurationName = Release;
		};
		75A02559286C413A00C04525 /* Build configuration list for PBXNativeTarget "SampleSdkUITests" */ = {
			isa = XCConfigurationList;
			buildConfigurations = (
				75A0255A286C413A00C04525 /* Debug */,
				75A0255B286C413A00C04525 /* Release */,
			);
			defaultConfigurationIsVisible = 0;
			defaultConfigurationName = Release;
		};
/* End XCConfigurationList section */

/* Begin XCRemoteSwiftPackageReference section */
		75A0255C286C425500C04525 /* XCRemoteSwiftPackageReference "Sdk-Library" */ = {
			isa = XCRemoteSwiftPackageReference;
			repositoryURL = "https://github.com/neldnelaps/Sdk-Library.git";
			requirement = {
				branch = master;
				kind = branch;
			};
		};
/* End XCRemoteSwiftPackageReference section */

/* Begin XCSwiftPackageProductDependency section */
		75A0255D286C425500C04525 /* Sdk-Library */ = {
			isa = XCSwiftPackageProductDependency;
			package = 75A0255C286C425500C04525 /* XCRemoteSwiftPackageReference "Sdk-Library" */;
			productName = "Sdk-Library";
		};
/* End XCSwiftPackageProductDependency section */
	};
	rootObject = 75A02521286C413900C04525 /* Project object */;
}
